// !$*UTF8*$!
{
	archiveVersion = 1;
	classes = {
	};
	objectVersion = 55;
	objects = {

/* Begin PBXBuildFile section */
		82009005287D3EA400EF9F26 /* AllDoneTutorialApp.swift in Sources */ = {isa = PBXBuildFile; fileRef = 82009004287D3EA400EF9F26 /* AllDoneTutorialApp.swift */; };
		82009007287D3EA400EF9F26 /* ContentView.swift in Sources */ = {isa = PBXBuildFile; fileRef = 82009006287D3EA400EF9F26 /* ContentView.swift */; };
		82009009287D3EA600EF9F26 /* Assets.xcassets in Resources */ = {isa = PBXBuildFile; fileRef = 82009008287D3EA600EF9F26 /* Assets.xcassets */; };
		8200900C287D3EA600EF9F26 /* Preview Assets.xcassets in Resources */ = {isa = PBXBuildFile; fileRef = 8200900B287D3EA600EF9F26 /* Preview Assets.xcassets */; };
		82009016287D4B2700EF9F26 /* LoginView.swift in Sources */ = {isa = PBXBuildFile; fileRef = 82009015287D4B2700EF9F26 /* LoginView.swift */; };
		8200901A287D4B8400EF9F26 /* SignupView.swift in Sources */ = {isa = PBXBuildFile; fileRef = 82009019287D4B8400EF9F26 /* SignupView.swift */; };
		8200901C287D4BE500EF9F26 /* BackgroundGridientView.swift in Sources */ = {isa = PBXBuildFile; fileRef = 8200901B287D4BE500EF9F26 /* BackgroundGridientView.swift */; };
		8200901E287D51E900EF9F26 /* LogoView.swift in Sources */ = {isa = PBXBuildFile; fileRef = 8200901D287D51E900EF9F26 /* LogoView.swift */; };
		82009020287D549700EF9F26 /* CustomTextField.swift in Sources */ = {isa = PBXBuildFile; fileRef = 8200901F287D549700EF9F26 /* CustomTextField.swift */; };
		82009023287D574F00EF9F26 /* EmailTextField.swift in Sources */ = {isa = PBXBuildFile; fileRef = 82009022287D574F00EF9F26 /* EmailTextField.swift */; };
		82009025287D5BB300EF9F26 /* CustomSecureField.swift in Sources */ = {isa = PBXBuildFile; fileRef = 82009024287D5BB300EF9F26 /* CustomSecureField.swift */; };
		82009027287D5C7F00EF9F26 /* PasswordSecureField.swift in Sources */ = {isa = PBXBuildFile; fileRef = 82009026287D5C7F00EF9F26 /* PasswordSecureField.swift */; };
		82009029287D5FBC00EF9F26 /* AuthenticateButtonView.swift in Sources */ = {isa = PBXBuildFile; fileRef = 82009028287D5FBC00EF9F26 /* AuthenticateButtonView.swift */; };
		8200902B287DB14700EF9F26 /* UserTextField.swift in Sources */ = {isa = PBXBuildFile; fileRef = 8200902A287DB14700EF9F26 /* UserTextField.swift */; };
		8200902D287DBD3C00EF9F26 /* GoogleService-Info.plist in Resources */ = {isa = PBXBuildFile; fileRef = 8200902C287DBD3C00EF9F26 /* GoogleService-Info.plist */; };
		82009030287DBF6200EF9F26 /* FirebaseAnalytics in Frameworks */ = {isa = PBXBuildFile; productRef = 8200902F287DBF6200EF9F26 /* FirebaseAnalytics */; };
		82009032287DBF6200EF9F26 /* FirebaseAnalyticsSwift-Beta in Frameworks */ = {isa = PBXBuildFile; productRef = 82009031287DBF6200EF9F26 /* FirebaseAnalyticsSwift-Beta */; };
		82009034287DBF6200EF9F26 /* FirebaseAuth in Frameworks */ = {isa = PBXBuildFile; productRef = 82009033287DBF6200EF9F26 /* FirebaseAuth */; };
		82009036287DBF6200EF9F26 /* FirebaseCrashlytics in Frameworks */ = {isa = PBXBuildFile; productRef = 82009035287DBF6200EF9F26 /* FirebaseCrashlytics */; };
		82009038287DBF6200EF9F26 /* FirebaseDatabase in Frameworks */ = {isa = PBXBuildFile; productRef = 82009037287DBF6200EF9F26 /* FirebaseDatabase */; };
		8200903A287DBF6200EF9F26 /* FirebaseFirestore in Frameworks */ = {isa = PBXBuildFile; productRef = 82009039287DBF6200EF9F26 /* FirebaseFirestore */; };
		8200903C287DBF6200EF9F26 /* FirebaseFunctions in Frameworks */ = {isa = PBXBuildFile; productRef = 8200903B287DBF6200EF9F26 /* FirebaseFunctions */; };
		8200903E287DBF6200EF9F26 /* FirebaseStorage in Frameworks */ = {isa = PBXBuildFile; productRef = 8200903D287DBF6200EF9F26 /* FirebaseStorage */; };
		82009041287DD5EE00EF9F26 /* Constants.swift in Sources */ = {isa = PBXBuildFile; fileRef = 82009040287DD5EE00EF9F26 /* Constants.swift */; };
		82009043287DD75900EF9F26 /* AppUser.swift in Sources */ = {isa = PBXBuildFile; fileRef = 82009042287DD75900EF9F26 /* AppUser.swift */; };
		82009046287DDADE00EF9F26 /* FirebaseFirestoreSwift-Beta in Frameworks */ = {isa = PBXBuildFile; productRef = 82009045287DDADE00EF9F26 /* FirebaseFirestoreSwift-Beta */; };
		82009048287DDBB300EF9F26 /* TODO.swift in Sources */ = {isa = PBXBuildFile; fileRef = 82009047287DDBB300EF9F26 /* TODO.swift */; };
		8200904A287DDCAD00EF9F26 /* SelectedButton.swift in Sources */ = {isa = PBXBuildFile; fileRef = 82009049287DDCAD00EF9F26 /* SelectedButton.swift */; };
		8200904C287DDE7900EF9F26 /* MockData.swift in Sources */ = {isa = PBXBuildFile; fileRef = 8200904B287DDE7900EF9F26 /* MockData.swift */; };
		8200904E287DE6E700EF9F26 /* AuthViewModel.swift in Sources */ = {isa = PBXBuildFile; fileRef = 8200904D287DE6E700EF9F26 /* AuthViewModel.swift */; };
		8248C40C287DEEAF00CE9A6C /* DashboardView.swift in Sources */ = {isa = PBXBuildFile; fileRef = 8248C40B287DEEAF00CE9A6C /* DashboardView.swift */; };
		8248C410287E4E6400CE9A6C /* TODOViewModel.swift in Sources */ = {isa = PBXBuildFile; fileRef = 8248C40F287E4E6400CE9A6C /* TODOViewModel.swift */; };
		8248C412287E9B9400CE9A6C /* SearchBarView.swift in Sources */ = {isa = PBXBuildFile; fileRef = 8248C411287E9B9400CE9A6C /* SearchBarView.swift */; };
		8248C414287F14E900CE9A6C /* TODOButtonStack.swift in Sources */ = {isa = PBXBuildFile; fileRef = 8248C413287F14E900CE9A6C /* TODOButtonStack.swift */; };
		8248C418287F190500CE9A6C /* AddTODOLogo.swift in Sources */ = {isa = PBXBuildFile; fileRef = 8248C417287F190500CE9A6C /* AddTODOLogo.swift */; };
		8248C41A287F1D9100CE9A6C /* TODOView.swift in Sources */ = {isa = PBXBuildFile; fileRef = 8248C419287F1D9100CE9A6C /* TODOView.swift */; };
		8248C41C287F208400CE9A6C /* BlankView.swift in Sources */ = {isa = PBXBuildFile; fileRef = 8248C41B287F208400CE9A6C /* BlankView.swift */; };
		8248C41E287F210700CE9A6C /* CreateTODOView.swift in Sources */ = {isa = PBXBuildFile; fileRef = 8248C41D287F210700CE9A6C /* CreateTODOView.swift */; };
		8248C420287F227E00CE9A6C /* TODOTextField.swift in Sources */ = {isa = PBXBuildFile; fileRef = 8248C41F287F227E00CE9A6C /* TODOTextField.swift */; };
		8248C422287F238400CE9A6C /* CustomTextEditor.swift in Sources */ = {isa = PBXBuildFile; fileRef = 8248C421287F238400CE9A6C /* CustomTextEditor.swift */; };
/* End PBXBuildFile section */

/* Begin PBXFileReference section */
		82009001287D3EA400EF9F26 /* AllDoneTutorial.app */ = {isa = PBXFileReference; explicitFileType = wrapper.application; includeInIndex = 0; path = AllDoneTutorial.app; sourceTree = BUILT_PRODUCTS_DIR; };
		82009004287D3EA400EF9F26 /* AllDoneTutorialApp.swift */ = {isa = PBXFileReference; lastKnownFileType = sourcecode.swift; path = AllDoneTutorialApp.swift; sourceTree = "<group>"; };
		82009006287D3EA400EF9F26 /* ContentView.swift */ = {isa = PBXFileReference; lastKnownFileType = sourcecode.swift; path = ContentView.swift; sourceTree = "<group>"; };
		82009008287D3EA600EF9F26 /* Assets.xcassets */ = {isa = PBXFileReference; lastKnownFileType = folder.assetcatalog; path = Assets.xcassets; sourceTree = "<group>"; };
		8200900B287D3EA600EF9F26 /* Preview Assets.xcassets */ = {isa = PBXFileReference; lastKnownFileType = folder.assetcatalog; path = "Preview Assets.xcassets"; sourceTree = "<group>"; };
		82009015287D4B2700EF9F26 /* LoginView.swift */ = {isa = PBXFileReference; lastKnownFileType = sourcecode.swift; path = LoginView.swift; sourceTree = "<group>"; };
		82009019287D4B8400EF9F26 /* SignupView.swift */ = {isa = PBXFileReference; lastKnownFileType = sourcecode.swift; path = SignupView.swift; sourceTree = "<group>"; };
		8200901B287D4BE500EF9F26 /* BackgroundGridientView.swift */ = {isa = PBXFileReference; lastKnownFileType = sourcecode.swift; path = BackgroundGridientView.swift; sourceTree = "<group>"; };
		8200901D287D51E900EF9F26 /* LogoView.swift */ = {isa = PBXFileReference; lastKnownFileType = sourcecode.swift; path = LogoView.swift; sourceTree = "<group>"; };
		8200901F287D549700EF9F26 /* CustomTextField.swift */ = {isa = PBXFileReference; lastKnownFileType = sourcecode.swift; path = CustomTextField.swift; sourceTree = "<group>"; };
		82009022287D574F00EF9F26 /* EmailTextField.swift */ = {isa = PBXFileReference; lastKnownFileType = sourcecode.swift; path = EmailTextField.swift; sourceTree = "<group>"; };
		82009024287D5BB300EF9F26 /* CustomSecureField.swift */ = {isa = PBXFileReference; lastKnownFileType = sourcecode.swift; path = CustomSecureField.swift; sourceTree = "<group>"; };
		82009026287D5C7F00EF9F26 /* PasswordSecureField.swift */ = {isa = PBXFileReference; lastKnownFileType = sourcecode.swift; path = PasswordSecureField.swift; sourceTree = "<group>"; };
		82009028287D5FBC00EF9F26 /* AuthenticateButtonView.swift */ = {isa = PBXFileReference; lastKnownFileType = sourcecode.swift; path = AuthenticateButtonView.swift; sourceTree = "<group>"; };
		8200902A287DB14700EF9F26 /* UserTextField.swift */ = {isa = PBXFileReference; lastKnownFileType = sourcecode.swift; path = UserTextField.swift; sourceTree = "<group>"; };
		8200902C287DBD3C00EF9F26 /* GoogleService-Info.plist */ = {isa = PBXFileReference; fileEncoding = 4; lastKnownFileType = text.plist.xml; path = "GoogleService-Info.plist"; sourceTree = "<group>"; };
		82009040287DD5EE00EF9F26 /* Constants.swift */ = {isa = PBXFileReference; lastKnownFileType = sourcecode.swift; path = Constants.swift; sourceTree = "<group>"; };
		82009042287DD75900EF9F26 /* AppUser.swift */ = {isa = PBXFileReference; lastKnownFileType = sourcecode.swift; path = AppUser.swift; sourceTree = "<group>"; };
		82009047287DDBB300EF9F26 /* TODO.swift */ = {isa = PBXFileReference; lastKnownFileType = sourcecode.swift; path = TODO.swift; sourceTree = "<group>"; };
		82009049287DDCAD00EF9F26 /* SelectedButton.swift */ = {isa = PBXFileReference; lastKnownFileType = sourcecode.swift; path = SelectedButton.swift; sourceTree = "<group>"; };
		8200904B287DDE7900EF9F26 /* MockData.swift */ = {isa = PBXFileReference; lastKnownFileType = sourcecode.swift; path = MockData.swift; sourceTree = "<group>"; };
		8200904D287DE6E700EF9F26 /* AuthViewModel.swift */ = {isa = PBXFileReference; lastKnownFileType = sourcecode.swift; path = AuthViewModel.swift; sourceTree = "<group>"; };
		8248C40B287DEEAF00CE9A6C /* DashboardView.swift */ = {isa = PBXFileReference; lastKnownFileType = sourcecode.swift; path = DashboardView.swift; sourceTree = "<group>"; };
		8248C40F287E4E6400CE9A6C /* TODOViewModel.swift */ = {isa = PBXFileReference; lastKnownFileType = sourcecode.swift; path = TODOViewModel.swift; sourceTree = "<group>"; };
		8248C411287E9B9400CE9A6C /* SearchBarView.swift */ = {isa = PBXFileReference; lastKnownFileType = sourcecode.swift; path = SearchBarView.swift; sourceTree = "<group>"; };
		8248C413287F14E900CE9A6C /* TODOButtonStack.swift */ = {isa = PBXFileReference; lastKnownFileType = sourcecode.swift; path = TODOButtonStack.swift; sourceTree = "<group>"; };
		8248C417287F190500CE9A6C /* AddTODOLogo.swift */ = {isa = PBXFileReference; lastKnownFileType = sourcecode.swift; path = AddTODOLogo.swift; sourceTree = "<group>"; };
		8248C419287F1D9100CE9A6C /* TODOView.swift */ = {isa = PBXFileReference; lastKnownFileType = sourcecode.swift; path = TODOView.swift; sourceTree = "<group>"; };
		8248C41B287F208400CE9A6C /* BlankView.swift */ = {isa = PBXFileReference; lastKnownFileType = sourcecode.swift; path = BlankView.swift; sourceTree = "<group>"; };
		8248C41D287F210700CE9A6C /* CreateTODOView.swift */ = {isa = PBXFileReference; lastKnownFileType = sourcecode.swift; path = CreateTODOView.swift; sourceTree = "<group>"; };
		8248C41F287F227E00CE9A6C /* TODOTextField.swift */ = {isa = PBXFileReference; lastKnownFileType = sourcecode.swift; path = TODOTextField.swift; sourceTree = "<group>"; };
		8248C421287F238400CE9A6C /* CustomTextEditor.swift */ = {isa = PBXFileReference; lastKnownFileType = sourcecode.swift; path = CustomTextEditor.swift; sourceTree = "<group>"; };
/* End PBXFileReference section */

/* Begin PBXFrameworksBuildPhase section */
		82008FFE287D3EA400EF9F26 /* Frameworks */ = {
			isa = PBXFrameworksBuildPhase;
			buildActionMask = 2147483647;
			files = (
				82009038287DBF6200EF9F26 /* FirebaseDatabase in Frameworks */,
				8200903C287DBF6200EF9F26 /* FirebaseFunctions in Frameworks */,
				82009032287DBF6200EF9F26 /* FirebaseAnalyticsSwift-Beta in Frameworks */,
				82009036287DBF6200EF9F26 /* FirebaseCrashlytics in Frameworks */,
				82009034287DBF6200EF9F26 /* FirebaseAuth in Frameworks */,
				8200903E287DBF6200EF9F26 /* FirebaseStorage in Frameworks */,
				82009046287DDADE00EF9F26 /* FirebaseFirestoreSwift-Beta in Frameworks */,
				82009030287DBF6200EF9F26 /* FirebaseAnalytics in Frameworks */,
				8200903A287DBF6200EF9F26 /* FirebaseFirestore in Frameworks */,
			);
			runOnlyForDeploymentPostprocessing = 0;
		};
/* End PBXFrameworksBuildPhase section */

/* Begin PBXGroup section */
		82008FF8287D3EA400EF9F26 = {
			isa = PBXGroup;
			children = (
				8200902C287DBD3C00EF9F26 /* GoogleService-Info.plist */,
				82009003287D3EA400EF9F26 /* AllDoneTutorial */,
				82009002287D3EA400EF9F26 /* Products */,
			);
			sourceTree = "<group>";
		};
		82009002287D3EA400EF9F26 /* Products */ = {
			isa = PBXGroup;
			children = (
				82009001287D3EA400EF9F26 /* AllDoneTutorial.app */,
			);
			name = Products;
			sourceTree = "<group>";
		};
		82009003287D3EA400EF9F26 /* AllDoneTutorial */ = {
			isa = PBXGroup;
			children = (
				8200903F287DD5C500EF9F26 /* Utils */,
				82009014287D4A2900EF9F26 /* Model */,
				82009012287D4A0F00EF9F26 /* View */,
				82009013287D4A1800EF9F26 /* ViewModel */,
				82009004287D3EA400EF9F26 /* AllDoneTutorialApp.swift */,
				82009006287D3EA400EF9F26 /* ContentView.swift */,
				82009008287D3EA600EF9F26 /* Assets.xcassets */,
				8200900A287D3EA600EF9F26 /* Preview Content */,
			);
			path = AllDoneTutorial;
			sourceTree = "<group>";
		};
		8200900A287D3EA600EF9F26 /* Preview Content */ = {
			isa = PBXGroup;
			children = (
				8200900B287D3EA600EF9F26 /* Preview Assets.xcassets */,
			);
			path = "Preview Content";
			sourceTree = "<group>";
		};
		82009012287D4A0F00EF9F26 /* View */ = {
			isa = PBXGroup;
			children = (
				82009017287D4B3900EF9F26 /* Utitls */,
				82009018287D4B4900EF9F26 /* Authentication */,
				8248C419287F1D9100CE9A6C /* TODOView.swift */,
				8248C40B287DEEAF00CE9A6C /* DashboardView.swift */,
				8248C41D287F210700CE9A6C /* CreateTODOView.swift */,
			);
			path = View;
			sourceTree = "<group>";
		};
		82009013287D4A1800EF9F26 /* ViewModel */ = {
			isa = PBXGroup;
			children = (
				8200904D287DE6E700EF9F26 /* AuthViewModel.swift */,
				8248C40F287E4E6400CE9A6C /* TODOViewModel.swift */,
			);
			path = ViewModel;
			sourceTree = "<group>";
		};
		82009014287D4A2900EF9F26 /* Model */ = {
			isa = PBXGroup;
			children = (
				82009042287DD75900EF9F26 /* AppUser.swift */,
				82009047287DDBB300EF9F26 /* TODO.swift */,
				82009049287DDCAD00EF9F26 /* SelectedButton.swift */,
				8200904B287DDE7900EF9F26 /* MockData.swift */,
			);
			path = Model;
			sourceTree = "<group>";
		};
		82009017287D4B3900EF9F26 /* Utitls */ = {
			isa = PBXGroup;
			children = (
				82009021287D570C00EF9F26 /* TextFields */,
				8200901B287D4BE500EF9F26 /* BackgroundGridientView.swift */,
				8200901D287D51E900EF9F26 /* LogoView.swift */,
				82009028287D5FBC00EF9F26 /* AuthenticateButtonView.swift */,
				8248C411287E9B9400CE9A6C /* SearchBarView.swift */,
				8248C413287F14E900CE9A6C /* TODOButtonStack.swift */,
				8248C417287F190500CE9A6C /* AddTODOLogo.swift */,
				8248C41B287F208400CE9A6C /* BlankView.swift */,
				8248C41F287F227E00CE9A6C /* TODOTextField.swift */,
				8248C421287F238400CE9A6C /* CustomTextEditor.swift */,
			);
			path = Utitls;
			sourceTree = "<group>";
		};
		82009018287D4B4900EF9F26 /* Authentication */ = {
			isa = PBXGroup;
			children = (
				82009015287D4B2700EF9F26 /* LoginView.swift */,
				82009019287D4B8400EF9F26 /* SignupView.swift */,
			);
			path = Authentication;
			sourceTree = "<group>";
		};
		82009021287D570C00EF9F26 /* TextFields */ = {
			isa = PBXGroup;
			children = (
				8200901F287D549700EF9F26 /* CustomTextField.swift */,
				82009022287D574F00EF9F26 /* EmailTextField.swift */,
				82009024287D5BB300EF9F26 /* CustomSecureField.swift */,
				82009026287D5C7F00EF9F26 /* PasswordSecureField.swift */,
				8200902A287DB14700EF9F26 /* UserTextField.swift */,
			);
			path = TextFields;
			sourceTree = "<group>";
		};
		8200903F287DD5C500EF9F26 /* Utils */ = {
			isa = PBXGroup;
			children = (
				82009040287DD5EE00EF9F26 /* Constants.swift */,
			);
			path = Utils;
			sourceTree = "<group>";
		};
/* End PBXGroup section */

/* Begin PBXNativeTarget section */
		82009000287D3EA400EF9F26 /* AllDoneTutorial */ = {
			isa = PBXNativeTarget;
			buildConfigurationList = 8200900F287D3EA600EF9F26 /* Build configuration list for PBXNativeTarget "AllDoneTutorial" */;
			buildPhases = (
				82008FFD287D3EA400EF9F26 /* Sources */,
				82008FFE287D3EA400EF9F26 /* Frameworks */,
				82008FFF287D3EA400EF9F26 /* Resources */,
			);
			buildRules = (
			);
			dependencies = (
			);
			name = AllDoneTutorial;
			packageProductDependencies = (
				8200902F287DBF6200EF9F26 /* FirebaseAnalytics */,
				82009031287DBF6200EF9F26 /* FirebaseAnalyticsSwift-Beta */,
				82009033287DBF6200EF9F26 /* FirebaseAuth */,
				82009035287DBF6200EF9F26 /* FirebaseCrashlytics */,
				82009037287DBF6200EF9F26 /* FirebaseDatabase */,
				82009039287DBF6200EF9F26 /* FirebaseFirestore */,
				8200903B287DBF6200EF9F26 /* FirebaseFunctions */,
				8200903D287DBF6200EF9F26 /* FirebaseStorage */,
				82009045287DDADE00EF9F26 /* FirebaseFirestoreSwift-Beta */,
			);
			productName = AllDoneTutorial;
			productReference = 82009001287D3EA400EF9F26 /* AllDoneTutorial.app */;
			productType = "com.apple.product-type.application";
		};
/* End PBXNativeTarget section */

/* Begin PBXProject section */
		82008FF9287D3EA400EF9F26 /* Project object */ = {
			isa = PBXProject;
			attributes = {
				BuildIndependentTargetsInParallel = 1;
				LastSwiftUpdateCheck = 1340;
				LastUpgradeCheck = 1340;
				TargetAttributes = {
					82009000287D3EA400EF9F26 = {
						CreatedOnToolsVersion = 13.4.1;
					};
				};
			};
			buildConfigurationList = 82008FFC287D3EA400EF9F26 /* Build configuration list for PBXProject "AllDoneTutorial" */;
			compatibilityVersion = "Xcode 13.0";
			developmentRegion = en;
			hasScannedForEncodings = 0;
			knownRegions = (
				en,
				Base,
			);
			mainGroup = 82008FF8287D3EA400EF9F26;
			packageReferences = (
				8200902E287DBF6200EF9F26 /* XCRemoteSwiftPackageReference "firebase-ios-sdk" */,
				82009044287DDADE00EF9F26 /* XCRemoteSwiftPackageReference "firebase-ios-sdk" */,
			);
			productRefGroup = 82009002287D3EA400EF9F26 /* Products */;
			projectDirPath = "";
			projectRoot = "";
			targets = (
				82009000287D3EA400EF9F26 /* AllDoneTutorial */,
			);
		};
/* End PBXProject section */

/* Begin PBXResourcesBuildPhase section */
		82008FFF287D3EA400EF9F26 /* Resources */ = {
			isa = PBXResourcesBuildPhase;
			buildActionMask = 2147483647;
			files = (
				8200900C287D3EA600EF9F26 /* Preview Assets.xcassets in Resources */,
				82009009287D3EA600EF9F26 /* Assets.xcassets in Resources */,
				8200902D287DBD3C00EF9F26 /* GoogleService-Info.plist in Resources */,
			);
			runOnlyForDeploymentPostprocessing = 0;
		};
/* End PBXResourcesBuildPhase section */

/* Begin PBXSourcesBuildPhase section */
		82008FFD287D3EA400EF9F26 /* Sources */ = {
			isa = PBXSourcesBuildPhase;
			buildActionMask = 2147483647;
			files = (
				82009043287DD75900EF9F26 /* AppUser.swift in Sources */,
				82009023287D574F00EF9F26 /* EmailTextField.swift in Sources */,
				8248C41E287F210700CE9A6C /* CreateTODOView.swift in Sources */,
				8248C41A287F1D9100CE9A6C /* TODOView.swift in Sources */,
				82009020287D549700EF9F26 /* CustomTextField.swift in Sources */,
				8200904C287DDE7900EF9F26 /* MockData.swift in Sources */,
				8200902B287DB14700EF9F26 /* UserTextField.swift in Sources */,
				8200904A287DDCAD00EF9F26 /* SelectedButton.swift in Sources */,
				8200901A287D4B8400EF9F26 /* SignupView.swift in Sources */,
				82009048287DDBB300EF9F26 /* TODO.swift in Sources */,
				8248C40C287DEEAF00CE9A6C /* DashboardView.swift in Sources */,
				8248C420287F227E00CE9A6C /* TODOTextField.swift in Sources */,
				8200904E287DE6E700EF9F26 /* AuthViewModel.swift in Sources */,
				8248C414287F14E900CE9A6C /* TODOButtonStack.swift in Sources */,
				8248C412287E9B9400CE9A6C /* SearchBarView.swift in Sources */,
				8200901E287D51E900EF9F26 /* LogoView.swift in Sources */,
				8248C422287F238400CE9A6C /* CustomTextEditor.swift in Sources */,
				82009027287D5C7F00EF9F26 /* PasswordSecureField.swift in Sources */,
				82009016287D4B2700EF9F26 /* LoginView.swift in Sources */,
				82009041287DD5EE00EF9F26 /* Constants.swift in Sources */,
				82009029287D5FBC00EF9F26 /* AuthenticateButtonView.swift in Sources */,
				82009007287D3EA400EF9F26 /* ContentView.swift in Sources */,
				8248C410287E4E6400CE9A6C /* TODOViewModel.swift in Sources */,
				8200901C287D4BE500EF9F26 /* BackgroundGridientView.swift in Sources */,
				8248C41C287F208400CE9A6C /* BlankView.swift in Sources */,
				82009025287D5BB300EF9F26 /* CustomSecureField.swift in Sources */,
				82009005287D3EA400EF9F26 /* AllDoneTutorialApp.swift in Sources */,
				8248C418287F190500CE9A6C /* AddTODOLogo.swift in Sources */,
			);
			runOnlyForDeploymentPostprocessing = 0;
		};
/* End PBXSourcesBuildPhase section */

/* Begin XCBuildConfiguration section */
		8200900D287D3EA600EF9F26 /* Debug */ = {
			isa = XCBuildConfiguration;
			buildSettings = {
				ALWAYS_SEARCH_USER_PATHS = NO;
				CLANG_ANALYZER_NONNULL = YES;
				CLANG_ANALYZER_NUMBER_OBJECT_CONVERSION = YES_AGGRESSIVE;
				CLANG_CXX_LANGUAGE_STANDARD = "gnu++17";
				CLANG_ENABLE_MODULES = YES;
				CLANG_ENABLE_OBJC_ARC = YES;
				CLANG_ENABLE_OBJC_WEAK = YES;
				CLANG_WARN_BLOCK_CAPTURE_AUTORELEASING = YES;
				CLANG_WARN_BOOL_CONVERSION = YES;
				CLANG_WARN_COMMA = YES;
				CLANG_WARN_CONSTANT_CONVERSION = YES;
				CLANG_WARN_DEPRECATED_OBJC_IMPLEMENTATIONS = YES;
				CLANG_WARN_DIRECT_OBJC_ISA_USAGE = YES_ERROR;
				CLANG_WARN_DOCUMENTATION_COMMENTS = YES;
				CLANG_WARN_EMPTY_BODY = YES;
				CLANG_WARN_ENUM_CONVERSION = YES;
				CLANG_WARN_INFINITE_RECURSION = YES;
				CLANG_WARN_INT_CONVERSION = YES;
				CLANG_WARN_NON_LITERAL_NULL_CONVERSION = YES;
				CLANG_WARN_OBJC_IMPLICIT_RETAIN_SELF = YES;
				CLANG_WARN_OBJC_LITERAL_CONVERSION = YES;
				CLANG_WARN_OBJC_ROOT_CLASS = YES_ERROR;
				CLANG_WARN_QUOTED_INCLUDE_IN_FRAMEWORK_HEADER = YES;
				CLANG_WARN_RANGE_LOOP_ANALYSIS = YES;
				CLANG_WARN_STRICT_PROTOTYPES = YES;
				CLANG_WARN_SUSPICIOUS_MOVE = YES;
				CLANG_WARN_UNGUARDED_AVAILABILITY = YES_AGGRESSIVE;
				CLANG_WARN_UNREACHABLE_CODE = YES;
				CLANG_WARN__DUPLICATE_METHOD_MATCH = YES;
				COPY_PHASE_STRIP = NO;
				DEBUG_INFORMATION_FORMAT = dwarf;
				ENABLE_STRICT_OBJC_MSGSEND = YES;
				ENABLE_TESTABILITY = YES;
				"EXCLUDED_ARCHS[sdk=*]" = x86_64;
				GCC_C_LANGUAGE_STANDARD = gnu11;
				GCC_DYNAMIC_NO_PIC = NO;
				GCC_NO_COMMON_BLOCKS = YES;
				GCC_OPTIMIZATION_LEVEL = 0;
				GCC_PREPROCESSOR_DEFINITIONS = (
					"DEBUG=1",
					"$(inherited)",
				);
				GCC_WARN_64_TO_32_BIT_CONVERSION = YES;
				GCC_WARN_ABOUT_RETURN_TYPE = YES_ERROR;
				GCC_WARN_UNDECLARED_SELECTOR = YES;
				GCC_WARN_UNINITIALIZED_AUTOS = YES_AGGRESSIVE;
				GCC_WARN_UNUSED_FUNCTION = YES;
				GCC_WARN_UNUSED_VARIABLE = YES;
				IPHONEOS_DEPLOYMENT_TARGET = 15.5;
				MTL_ENABLE_DEBUG_INFO = INCLUDE_SOURCE;
				MTL_FAST_MATH = YES;
				ONLY_ACTIVE_ARCH = YES;
				SDKROOT = iphoneos;
				SWIFT_ACTIVE_COMPILATION_CONDITIONS = DEBUG;
				SWIFT_OPTIMIZATION_LEVEL = "-Onone";
			};
			name = Debug;
		};
		8200900E287D3EA600EF9F26 /* Release */ = {
			isa = XCBuildConfiguration;
			buildSettings = {
				ALWAYS_SEARCH_USER_PATHS = NO;
				CLANG_ANALYZER_NONNULL = YES;
				CLANG_ANALYZER_NUMBER_OBJECT_CONVERSION = YES_AGGRESSIVE;
				CLANG_CXX_LANGUAGE_STANDARD = "gnu++17";
				CLANG_ENABLE_MODULES = YES;
				CLANG_ENABLE_OBJC_ARC = YES;
				CLANG_ENABLE_OBJC_WEAK = YES;
				CLANG_WARN_BLOCK_CAPTURE_AUTORELEASING = YES;
				CLANG_WARN_BOOL_CONVERSION = YES;
				CLANG_WARN_COMMA = YES;
				CLANG_WARN_CONSTANT_CONVERSION = YES;
				CLANG_WARN_DEPRECATED_OBJC_IMPLEMENTATIONS = YES;
				CLANG_WARN_DIRECT_OBJC_ISA_USAGE = YES_ERROR;
				CLANG_WARN_DOCUMENTATION_COMMENTS = YES;
				CLANG_WARN_EMPTY_BODY = YES;
				CLANG_WARN_ENUM_CONVERSION = YES;
				CLANG_WARN_INFINITE_RECURSION = YES;
				CLANG_WARN_INT_CONVERSION = YES;
				CLANG_WARN_NON_LITERAL_NULL_CONVERSION = YES;
				CLANG_WARN_OBJC_IMPLICIT_RETAIN_SELF = YES;
				CLANG_WARN_OBJC_LITERAL_CONVERSION = YES;
				CLANG_WARN_OBJC_ROOT_CLASS = YES_ERROR;
				CLANG_WARN_QUOTED_INCLUDE_IN_FRAMEWORK_HEADER = YES;
				CLANG_WARN_RANGE_LOOP_ANALYSIS = YES;
				CLANG_WARN_STRICT_PROTOTYPES = YES;
				CLANG_WARN_SUSPICIOUS_MOVE = YES;
				CLANG_WARN_UNGUARDED_AVAILABILITY = YES_AGGRESSIVE;
				CLANG_WARN_UNREACHABLE_CODE = YES;
				CLANG_WARN__DUPLICATE_METHOD_MATCH = YES;
				COPY_PHASE_STRIP = NO;
				DEBUG_INFORMATION_FORMAT = "dwarf-with-dsym";
				ENABLE_NS_ASSERTIONS = NO;
				ENABLE_STRICT_OBJC_MSGSEND = YES;
				GCC_C_LANGUAGE_STANDARD = gnu11;
				GCC_NO_COMMON_BLOCKS = YES;
				GCC_WARN_64_TO_32_BIT_CONVERSION = YES;
				GCC_WARN_ABOUT_RETURN_TYPE = YES_ERROR;
				GCC_WARN_UNDECLARED_SELECTOR = YES;
				GCC_WARN_UNINITIALIZED_AUTOS = YES_AGGRESSIVE;
				GCC_WARN_UNUSED_FUNCTION = YES;
				GCC_WARN_UNUSED_VARIABLE = YES;
				IPHONEOS_DEPLOYMENT_TARGET = 15.5;
				MTL_ENABLE_DEBUG_INFO = NO;
				MTL_FAST_MATH = YES;
				SDKROOT = iphoneos;
				SWIFT_COMPILATION_MODE = wholemodule;
				SWIFT_OPTIMIZATION_LEVEL = "-O";
				VALIDATE_PRODUCT = YES;
			};
			name = Release;
		};
		82009010287D3EA600EF9F26 /* Debug */ = {
			isa = XCBuildConfiguration;
			buildSettings = {
				ASSETCATALOG_COMPILER_APPICON_NAME = AppIcon;
				ASSETCATALOG_COMPILER_GLOBAL_ACCENT_COLOR_NAME = AccentColor;
				CODE_SIGN_STYLE = Automatic;
				CURRENT_PROJECT_VERSION = 1;
				DEVELOPMENT_ASSET_PATHS = "\"AllDoneTutorial/Preview Content\"";
				DEVELOPMENT_TEAM = GQZ24SVQ96;
				ENABLE_PREVIEWS = YES;
				GENERATE_INFOPLIST_FILE = YES;
				INFOPLIST_KEY_UIApplicationSceneManifest_Generation = YES;
				INFOPLIST_KEY_UIApplicationSupportsIndirectInputEvents = YES;
				INFOPLIST_KEY_UILaunchScreen_Generation = YES;
				INFOPLIST_KEY_UISupportedInterfaceOrientations = UIInterfaceOrientationPortrait;
				INFOPLIST_KEY_UISupportedInterfaceOrientations_iPad = "UIInterfaceOrientationPortrait UIInterfaceOrientationPortraitUpsideDown UIInterfaceOrientationLandscapeLeft UIInterfaceOrientationLandscapeRight";
				INFOPLIST_KEY_UISupportedInterfaceOrientations_iPhone = "UIInterfaceOrientationPortrait UIInterfaceOrientationLandscapeLeft UIInterfaceOrientationLandscapeRight";
				LD_RUNPATH_SEARCH_PATHS = (
					"$(inherited)",
					"@executable_path/Frameworks",
				);
				MARKETING_VERSION = 1.0;
				PRODUCT_BUNDLE_IDENTIFIER = com.kazuhiroowada.AllDoneTutorial;
				PRODUCT_NAME = "$(TARGET_NAME)";
				SWIFT_EMIT_LOC_STRINGS = YES;
				SWIFT_VERSION = 5.0;
				TARGETED_DEVICE_FAMILY = 1;
			};
			name = Debug;
		};
		82009011287D3EA600EF9F26 /* Release */ = {
			isa = XCBuildConfiguration;
			buildSettings = {
				ASSETCATALOG_COMPILER_APPICON_NAME = AppIcon;
				ASSETCATALOG_COMPILER_GLOBAL_ACCENT_COLOR_NAME = AccentColor;
				CODE_SIGN_STYLE = Automatic;
				CURRENT_PROJECT_VERSION = 1;
				DEVELOPMENT_ASSET_PATHS = "\"AllDoneTutorial/Preview Content\"";
				DEVELOPMENT_TEAM = GQZ24SVQ96;
				ENABLE_PREVIEWS = YES;
				GENERATE_INFOPLIST_FILE = YES;
				INFOPLIST_KEY_UIApplicationSceneManifest_Generation = YES;
				INFOPLIST_KEY_UIApplicationSupportsIndirectInputEvents = YES;
				INFOPLIST_KEY_UILaunchScreen_Generation = YES;
				INFOPLIST_KEY_UISupportedInterfaceOrientations = UIInterfaceOrientationPortrait;
				INFOPLIST_KEY_UISupportedInterfaceOrientations_iPad = "UIInterfaceOrientationPortrait UIInterfaceOrientationPortraitUpsideDown UIInterfaceOrientationLandscapeLeft UIInterfaceOrientationLandscapeRight";
				INFOPLIST_KEY_UISupportedInterfaceOrientations_iPhone = "UIInterfaceOrientationPortrait UIInterfaceOrientationLandscapeLeft UIInterfaceOrientationLandscapeRight";
				LD_RUNPATH_SEARCH_PATHS = (
					"$(inherited)",
					"@executable_path/Frameworks",
				);
				MARKETING_VERSION = 1.0;
				PRODUCT_BUNDLE_IDENTIFIER = com.kazuhiroowada.AllDoneTutorial;
				PRODUCT_NAME = "$(TARGET_NAME)";
				SWIFT_EMIT_LOC_STRINGS = YES;
				SWIFT_VERSION = 5.0;
				TARGETED_DEVICE_FAMILY = 1;
			};
			name = Release;
		};
/* End XCBuildConfiguration section */

/* Begin XCConfigurationList section */
		82008FFC287D3EA400EF9F26 /* Build configuration list for PBXProject "AllDoneTutorial" */ = {
			isa = XCConfigurationList;
			buildConfigurations = (
				8200900D287D3EA600EF9F26 /* Debug */,
				8200900E287D3EA600EF9F26 /* Release */,
			);
			defaultConfigurationIsVisible = 0;
			defaultConfigurationName = Release;
		};
		8200900F287D3EA600EF9F26 /* Build configuration list for PBXNativeTarget "AllDoneTutorial" */ = {
			isa = XCConfigurationList;
			buildConfigurations = (
				82009010287D3EA600EF9F26 /* Debug */,
				82009011287D3EA600EF9F26 /* Release */,
			);
			defaultConfigurationIsVisible = 0;
			defaultConfigurationName = Release;
		};
/* End XCConfigurationList section */

/* Begin XCRemoteSwiftPackageReference section */
		8200902E287DBF6200EF9F26 /* XCRemoteSwiftPackageReference "firebase-ios-sdk" */ = {
			isa = XCRemoteSwiftPackageReference;
			repositoryURL = "https://github.com/firebase/firebase-ios-sdk";
			requirement = {
				kind = upToNextMajorVersion;
				minimumVersion = 8.0.0;
			};
		};
		82009044287DDADE00EF9F26 /* XCRemoteSwiftPackageReference "firebase-ios-sdk" */ = {
			isa = XCRemoteSwiftPackageReference;
			repositoryURL = "https://github.com/firebase/firebase-ios-sdk";
			requirement = {
				kind = upToNextMajorVersion;
				minimumVersion = 8.0.0;
			};
		};
/* End XCRemoteSwiftPackageReference section */

/* Begin XCSwiftPackageProductDependency section */
		8200902F287DBF6200EF9F26 /* FirebaseAnalytics */ = {
			isa = XCSwiftPackageProductDependency;
			package = 8200902E287DBF6200EF9F26 /* XCRemoteSwiftPackageReference "firebase-ios-sdk" */;
			productName = FirebaseAnalytics;
		};
		82009031287DBF6200EF9F26 /* FirebaseAnalyticsSwift-Beta */ = {
			isa = XCSwiftPackageProductDependency;
			package = 8200902E287DBF6200EF9F26 /* XCRemoteSwiftPackageReference "firebase-ios-sdk" */;
			productName = "FirebaseAnalyticsSwift-Beta";
		};
		82009033287DBF6200EF9F26 /* FirebaseAuth */ = {
			isa = XCSwiftPackageProductDependency;
			package = 8200902E287DBF6200EF9F26 /* XCRemoteSwiftPackageReference "firebase-ios-sdk" */;
			productName = FirebaseAuth;
		};
		82009035287DBF6200EF9F26 /* FirebaseCrashlytics */ = {
			isa = XCSwiftPackageProductDependency;
			package = 8200902E287DBF6200EF9F26 /* XCRemoteSwiftPackageReference "firebase-ios-sdk" */;
			productName = FirebaseCrashlytics;
		};
		82009037287DBF6200EF9F26 /* FirebaseDatabase */ = {
			isa = XCSwiftPackageProductDependency;
			package = 8200902E287DBF6200EF9F26 /* XCRemoteSwiftPackageReference "firebase-ios-sdk" */;
			productName = FirebaseDatabase;
		};
		82009039287DBF6200EF9F26 /* FirebaseFirestore */ = {
			isa = XCSwiftPackageProductDependency;
			package = 8200902E287DBF6200EF9F26 /* XCRemoteSwiftPackageReference "firebase-ios-sdk" */;
			productName = FirebaseFirestore;
		};
		8200903B287DBF6200EF9F26 /* FirebaseFunctions */ = {
			isa = XCSwiftPackageProductDependency;
			package = 8200902E287DBF6200EF9F26 /* XCRemoteSwiftPackageReference "firebase-ios-sdk" */;
			productName = FirebaseFunctions;
		};
		8200903D287DBF6200EF9F26 /* FirebaseStorage */ = {
			isa = XCSwiftPackageProductDependency;
			package = 8200902E287DBF6200EF9F26 /* XCRemoteSwiftPackageReference "firebase-ios-sdk" */;
			productName = FirebaseStorage;
		};
		82009045287DDADE00EF9F26 /* FirebaseFirestoreSwift-Beta */ = {
			isa = XCSwiftPackageProductDependency;
			package = 8200902E287DBF6200EF9F26 /* XCRemoteSwiftPackageReference "firebase-ios-sdk" */;
			productName = "FirebaseFirestoreSwift-Beta";
		};
/* End XCSwiftPackageProductDependency section */
	};
	rootObject = 82008FF9287D3EA400EF9F26 /* Project object */;
}
